
Microsoft Visual Studio Solution File, Format Version 12.00
# Visual Studio 2015
Project("{FAE04EC0-301F-11D3-BF4B-00C04F79EFBC}") = "lecture1UnityCodeStartSphere", "lecture1UnityCodeStartSphere.csproj", "{81B4075B-432C-2198-FCCA-8989CFD2FC87}"
EndProject
Global
	GlobalSection(SolutionConfigurationPlatforms) = preSolution
		Debug|Any CPU = Debug|Any CPU
		Release|Any CPU = Release|Any CPU
	EndGlobalSection
	GlobalSection(ProjectConfigurationPlatforms) = postSolution
		{81B4075B-432C-2198-FCCA-8989CFD2FC87}.Debug|Any CPU.ActiveCfg = Debug|Any CPU
		{81B4075B-432C-2198-FCCA-8989CFD2FC87}.Debug|Any CPU.Build.0 = Debug|Any CPU
		{81B4075B-432C-2198-FCCA-8989CFD2FC87}.Release|Any CPU.ActiveCfg = Release|Any CPU
		{81B4075B-432C-2198-FCCA-8989CFD2FC87}.Release|Any CPU.Build.0 = Release|Any CPU
	EndGlobalSection
	GlobalSection(SolutionProperties) = preSolution
		HideSolutionNode = FALSE
	EndGlobalSection
EndGlobal
